
Microsoft Visual Studio Solution File, Format Version 12.00
# Visual Studio 14
VisualStudioVersion = 14.0.24720.0
MinimumVisualStudioVersion = 10.0.40219.1
Project("{FAE04EC0-301F-11D3-BF4B-00C04F79EFBC}") = "MvcTraining", "MvcTraining\MvcTraining.csproj", "{09EB4BFC-AA55-411F-8D7A-84EC1EBA8C06}"
EndProject
Project("{FAE04EC0-301F-11D3-BF4B-00C04F79EFBC}") = "MvcTraining.Tests", "MvcTraining.Tests\MvcTraining.Tests.csproj", "{59CEA67E-D87E-4EF9-9BD3-7DFEEB760935}"
EndProject
Global
	GlobalSection(SolutionConfigurationPlatforms) = preSolution
		Debug|Any CPU = Debug|Any CPU
		Release|Any CPU = Release|Any CPU
	EndGlobalSection
	GlobalSection(ProjectConfigurationPlatforms) = postSolution
		{09EB4BFC-AA55-411F-8D7A-84EC1EBA8C06}.Debug|Any CPU.ActiveCfg = Debug|Any CPU
		{09EB4BFC-AA55-411F-8D7A-84EC1EBA8C06}.Debug|Any CPU.Build.0 = Debug|Any CPU
		{09EB4BFC-AA55-411F-8D7A-84EC1EBA8C06}.Release|Any CPU.ActiveCfg = Release|Any CPU
		{09EB4BFC-AA55-411F-8D7A-84EC1EBA8C06}.Release|Any CPU.Build.0 = Release|Any CPU
		{59CEA67E-D87E-4EF9-9BD3-7DFEEB760935}.Debug|Any CPU.ActiveCfg = Debug|Any CPU
		{59CEA67E-D87E-4EF9-9BD3-7DFEEB760935}.Debug|Any CPU.Build.0 = Debug|Any CPU
		{59CEA67E-D87E-4EF9-9BD3-7DFEEB760935}.Release|Any CPU.ActiveCfg = Release|Any CPU
		{59CEA67E-D87E-4EF9-9BD3-7DFEEB760935}.Release|Any CPU.Build.0 = Release|Any CPU
	EndGlobalSection
	GlobalSection(SolutionProperties) = preSolution
		HideSolutionNode = FALSE
	EndGlobalSection
EndGlobal
